<?xml version="1.0" encoding="utf-8"?>
<Project ToolsVersion="4.0" xmlns="http://schemas.microsoft.com/developer/msbuild/2003">
  <ItemGroup>
    <Filter Include="소스 파일">
      <UniqueIdentifier>{4FC737F1-C7A5-4376-A066-2A32D752A2FF}</UniqueIdentifier>
      <Extensions>cpp;c;cc;cxx;c++;cppm;ixx;def;odl;idl;hpj;bat;asm;asmx</Extensions>
    </Filter>
    <Filter Include="헤더 파일">
      <UniqueIdentifier>{93995380-89BD-4b04-88EB-625FBE52EBFB}</UniqueIdentifier>
      <Extensions>h;hh;hpp;hxx;h++;hm;inl;inc;ipp;xsd</Extensions>
    </Filter>
    <Filter Include="리소스 파일">
      <UniqueIdentifier>{67DA6AB6-F800-4c08-8B7A-83BB121AAD01}</UniqueIdentifier>
      <Extensions>rc;ico;cur;bmp;dlg;rc2;rct;bin;rgs;gif;jpg;jpeg;jpe;resx;tiff;tif;png;wav;mfcribbon-ms</Extensions>
    </Filter>
    <Filter Include="헤더 파일\Mechanics">
      <UniqueIdentifier>{765286fb-67b4-4030-8b54-09e379db1eba}</UniqueIdentifier>
    </Filter>
    <Filter Include="소스 파일\Mecahnics">
      <UniqueIdentifier>{820feb9a-945e-4d1b-a697-834dd9b78103}</UniqueIdentifier>
    </Filter>
    <Filter Include="헤더 파일\Bionic">
      <UniqueIdentifier>{e690600b-58ee-4b52-9c5e-88c2f684bd95}</UniqueIdentifier>
    </Filter>
    <Filter Include="소스 파일\Bionic">
      <UniqueIdentifier>{29ffe960-b643-4f93-8e61-1a2ee2a5128e}</UniqueIdentifier>
    </Filter>
  </ItemGroup>
  <ItemGroup>
    <ClCompile Include="Newc1.cpp">
      <Filter>소스 파일</Filter>
    </ClCompile>
    <ClCompile Include="Camera.cpp">
      <Filter>소스 파일</Filter>
    </ClCompile>
    <ClCompile Include="Vulture.cpp">
      <Filter>소스 파일\Mecahnics</Filter>
    </ClCompile>
    <ClCompile Include="Goliath.cpp">
      <Filter>소스 파일\Mecahnics</Filter>
    </ClCompile>
    <ClCompile Include="Mechanics.cpp">
      <Filter>소스 파일\Mecahnics</Filter>
    </ClCompile>
    <ClCompile Include="SiegeTank.cpp">
      <Filter>소스 파일\Mecahnics</Filter>
    </ClCompile>
    <ClCompile Include="Unit.cpp">
      <Filter>소스 파일\Bionic</Filter>
    </ClCompile>
    <ClCompile Include="Firebet.cpp">
      <Filter>소스 파일\Bionic</Filter>
    </ClCompile>
    <ClCompile Include="Ghost.cpp">
      <Filter>소스 파일\Bionic</Filter>
    </ClCompile>
    <ClCompile Include="Marine.cpp">
      <Filter>소스 파일\Bionic</Filter>
    </ClCompile>
    <ClCompile Include="LinkedList.cpp">
      <Filter>소스 파일</Filter>
    </ClCompile>
  </ItemGroup>
  <ItemGroup>
    <ClInclude Include="2023.9.07 참조자.h">
      <Filter>헤더 파일</Filter>
    </ClInclude>
    <ClInclude Include="2023.9.11 클래스.h">
      <Filter>헤더 파일</Filter>
    </ClInclude>
    <ClInclude Include="2023.9.12 얕은복사 깊은복사.h">
      <Filter>헤더 파일</Filter>
    </ClInclude>
    <ClInclude Include="Camera.h">
      <Filter>헤더 파일</Filter>
    </ClInclude>
    <ClInclude Include="2023.9.13 상속.h">
      <Filter>헤더 파일</Filter>
    </ClInclude>
    <ClInclude Include="2023.9.15 가상함수.h">
      <Filter>헤더 파일</Filter>
    </ClInclude>
    <ClInclude Include="Vulture.h">
      <Filter>헤더 파일\Mechanics</Filter>
    </ClInclude>
    <ClInclude Include="SiegeTank.h">
      <Filter>헤더 파일\Mechanics</Filter>
    </ClInclude>
    <ClInclude Include="Goliath.h">
      <Filter>헤더 파일\Mechanics</Filter>
    </ClInclude>
    <ClInclude Include="Mechanics.h">
      <Filter>헤더 파일\Mechanics</Filter>
    </ClInclude>
    <ClInclude Include="Class.h">
      <Filter>헤더 파일</Filter>
    </ClInclude>
    <ClInclude Include="2023.9.19 순수 가상 함수.h">
      <Filter>헤더 파일</Filter>
    </ClInclude>
    <ClInclude Include="Firebet.h">
      <Filter>헤더 파일\Bionic</Filter>
    </ClInclude>
    <ClInclude Include="Ghost.h">
      <Filter>헤더 파일\Bionic</Filter>
    </ClInclude>
    <ClInclude Include="Marine.h">
      <Filter>헤더 파일\Bionic</Filter>
    </ClInclude>
    <ClInclude Include="Unit.h">
      <Filter>헤더 파일\Bionic</Filter>
    </ClInclude>
    <ClInclude Include="2023.9.19 this 포인터.h">
      <Filter>헤더 파일</Filter>
    </ClInclude>
    <ClInclude Include="2023.9.20 스마트 포인터.h">
      <Filter>헤더 파일</Filter>
    </ClInclude>
    <ClInclude Include="LinkedList.h">
      <Filter>헤더 파일</Filter>
    </ClInclude>
  </ItemGroup>
  <ItemGroup>
    <None Include="2023.9.08. 네임스페이스h" />
  </ItemGroup>
</Project>